
Microsoft Visual Studio Solution File, Format Version 12.00
# Visual Studio 15
VisualStudioVersion = 15.0.26124.0
MinimumVisualStudioVersion = 15.0.26124.0
Project("{2150E333-8FDC-42A3-9474-1A3956D46DE8}") = "src", "src", "{1A843BDD-8B6E-4E77-8F1C-3B36CB9635F3}"
EndProject
Project("{FAE04EC0-301F-11D3-BF4B-00C04F79EFBC}") = "Calculator", "src\Calculator\Calculator.csproj", "{155BFC68-4058-45DF-A5BA-10BE22A6677D}"
EndProject
Project("{2150E333-8FDC-42A3-9474-1A3956D46DE8}") = "test", "test", "{77593883-C658-4F27-A068-76AC4CA3C9ED}"
EndProject
Project("{FAE04EC0-301F-11D3-BF4B-00C04F79EFBC}") = "Calculator.Tests", "test\Calculator.Tests\Calculator.Tests.csproj", "{69A74D8C-8338-41A0-8C42-44276CBCBD50}"
EndProject
Project("{FAE04EC0-301F-11D3-BF4B-00C04F79EFBC}") = "Budget", "src\Budget\Budget.csproj", "{3E505DE3-FE94-4FDE-9BC8-3637A42BE241}"
EndProject
Project("{FAE04EC0-301F-11D3-BF4B-00C04F79EFBC}") = "Budget.Tests", "test\Budget.Tests\Budget.Tests.csproj", "{616FDAAE-0EC1-4C6D-A35C-4A383241BDB0}"
EndProject
Project("{FAE04EC0-301F-11D3-BF4B-00C04F79EFBC}") = "TodoList", "src\TodoList\TodoList.csproj", "{1B4087F5-BF31-4610-9529-285A01FADC1F}"
EndProject
Project("{FAE04EC0-301F-11D3-BF4B-00C04F79EFBC}") = "TodoList.Tests", "test\TodoList.Tests\TodoList.Tests.csproj", "{67B3EE92-6E6B-41F2-959B-C584CFCAFC5E}"
EndProject
Project("{FAE04EC0-301F-11D3-BF4B-00C04F79EFBC}") = "Angular", "src\Angular\Angular.csproj", "{161FB33C-0620-4839-9058-ED45A11CF55C}"
EndProject
Project("{FAE04EC0-301F-11D3-BF4B-00C04F79EFBC}") = "Angular.Tests", "test\Angular.Tests\Angular.Tests.csproj", "{D6175D36-E5F2-462E-9659-391A97128320}"
EndProject
Global
	GlobalSection(SolutionConfigurationPlatforms) = preSolution
		Debug|Any CPU = Debug|Any CPU
		Debug|x64 = Debug|x64
		Debug|x86 = Debug|x86
		Release|Any CPU = Release|Any CPU
		Release|x64 = Release|x64
		Release|x86 = Release|x86
	EndGlobalSection
	GlobalSection(SolutionProperties) = preSolution
		HideSolutionNode = FALSE
	EndGlobalSection
	GlobalSection(ProjectConfigurationPlatforms) = postSolution
		{155BFC68-4058-45DF-A5BA-10BE22A6677D}.Debug|Any CPU.ActiveCfg = Debug|Any CPU
		{155BFC68-4058-45DF-A5BA-10BE22A6677D}.Debug|Any CPU.Build.0 = Debug|Any CPU
		{155BFC68-4058-45DF-A5BA-10BE22A6677D}.Debug|x64.ActiveCfg = Debug|Any CPU
		{155BFC68-4058-45DF-A5BA-10BE22A6677D}.Debug|x64.Build.0 = Debug|Any CPU
		{155BFC68-4058-45DF-A5BA-10BE22A6677D}.Debug|x86.ActiveCfg = Debug|Any CPU
		{155BFC68-4058-45DF-A5BA-10BE22A6677D}.Debug|x86.Build.0 = Debug|Any CPU
		{155BFC68-4058-45DF-A5BA-10BE22A6677D}.Release|Any CPU.ActiveCfg = Release|Any CPU
		{155BFC68-4058-45DF-A5BA-10BE22A6677D}.Release|Any CPU.Build.0 = Release|Any CPU
		{155BFC68-4058-45DF-A5BA-10BE22A6677D}.Release|x64.ActiveCfg = Release|Any CPU
		{155BFC68-4058-45DF-A5BA-10BE22A6677D}.Release|x64.Build.0 = Release|Any CPU
		{155BFC68-4058-45DF-A5BA-10BE22A6677D}.Release|x86.ActiveCfg = Release|Any CPU
		{155BFC68-4058-45DF-A5BA-10BE22A6677D}.Release|x86.Build.0 = Release|Any CPU
		{69A74D8C-8338-41A0-8C42-44276CBCBD50}.Debug|Any CPU.ActiveCfg = Debug|Any CPU
		{69A74D8C-8338-41A0-8C42-44276CBCBD50}.Debug|Any CPU.Build.0 = Debug|Any CPU
		{69A74D8C-8338-41A0-8C42-44276CBCBD50}.Debug|x64.ActiveCfg = Debug|Any CPU
		{69A74D8C-8338-41A0-8C42-44276CBCBD50}.Debug|x64.Build.0 = Debug|Any CPU
		{69A74D8C-8338-41A0-8C42-44276CBCBD50}.Debug|x86.ActiveCfg = Debug|Any CPU
		{69A74D8C-8338-41A0-8C42-44276CBCBD50}.Debug|x86.Build.0 = Debug|Any CPU
		{69A74D8C-8338-41A0-8C42-44276CBCBD50}.Release|Any CPU.ActiveCfg = Release|Any CPU
		{69A74D8C-8338-41A0-8C42-44276CBCBD50}.Release|Any CPU.Build.0 = Release|Any CPU
		{69A74D8C-8338-41A0-8C42-44276CBCBD50}.Release|x64.ActiveCfg = Release|Any CPU
		{69A74D8C-8338-41A0-8C42-44276CBCBD50}.Release|x64.Build.0 = Release|Any CPU
		{69A74D8C-8338-41A0-8C42-44276CBCBD50}.Release|x86.ActiveCfg = Release|Any CPU
		{69A74D8C-8338-41A0-8C42-44276CBCBD50}.Release|x86.Build.0 = Release|Any CPU
		{3E505DE3-FE94-4FDE-9BC8-3637A42BE241}.Debug|Any CPU.ActiveCfg = Debug|Any CPU
		{3E505DE3-FE94-4FDE-9BC8-3637A42BE241}.Debug|Any CPU.Build.0 = Debug|Any CPU
		{3E505DE3-FE94-4FDE-9BC8-3637A42BE241}.Debug|x64.ActiveCfg = Debug|Any CPU
		{3E505DE3-FE94-4FDE-9BC8-3637A42BE241}.Debug|x64.Build.0 = Debug|Any CPU
		{3E505DE3-FE94-4FDE-9BC8-3637A42BE241}.Debug|x86.ActiveCfg = Debug|Any CPU
		{3E505DE3-FE94-4FDE-9BC8-3637A42BE241}.Debug|x86.Build.0 = Debug|Any CPU
		{3E505DE3-FE94-4FDE-9BC8-3637A42BE241}.Release|Any CPU.ActiveCfg = Release|Any CPU
		{3E505DE3-FE94-4FDE-9BC8-3637A42BE241}.Release|Any CPU.Build.0 = Release|Any CPU
		{3E505DE3-FE94-4FDE-9BC8-3637A42BE241}.Release|x64.ActiveCfg = Release|Any CPU
		{3E505DE3-FE94-4FDE-9BC8-3637A42BE241}.Release|x64.Build.0 = Release|Any CPU
		{3E505DE3-FE94-4FDE-9BC8-3637A42BE241}.Release|x86.ActiveCfg = Release|Any CPU
		{3E505DE3-FE94-4FDE-9BC8-3637A42BE241}.Release|x86.Build.0 = Release|Any CPU
		{616FDAAE-0EC1-4C6D-A35C-4A383241BDB0}.Debug|Any CPU.ActiveCfg = Debug|Any CPU
		{616FDAAE-0EC1-4C6D-A35C-4A383241BDB0}.Debug|Any CPU.Build.0 = Debug|Any CPU
		{616FDAAE-0EC1-4C6D-A35C-4A383241BDB0}.Debug|x64.ActiveCfg = Debug|Any CPU
		{616FDAAE-0EC1-4C6D-A35C-4A383241BDB0}.Debug|x64.Build.0 = Debug|Any CPU
		{616FDAAE-0EC1-4C6D-A35C-4A383241BDB0}.Debug|x86.ActiveCfg = Debug|Any CPU
		{616FDAAE-0EC1-4C6D-A35C-4A383241BDB0}.Debug|x86.Build.0 = Debug|Any CPU
		{616FDAAE-0EC1-4C6D-A35C-4A383241BDB0}.Release|Any CPU.ActiveCfg = Release|Any CPU
		{616FDAAE-0EC1-4C6D-A35C-4A383241BDB0}.Release|Any CPU.Build.0 = Release|Any CPU
		{616FDAAE-0EC1-4C6D-A35C-4A383241BDB0}.Release|x64.ActiveCfg = Release|Any CPU
		{616FDAAE-0EC1-4C6D-A35C-4A383241BDB0}.Release|x64.Build.0 = Release|Any CPU
		{616FDAAE-0EC1-4C6D-A35C-4A383241BDB0}.Release|x86.ActiveCfg = Release|Any CPU
		{616FDAAE-0EC1-4C6D-A35C-4A383241BDB0}.Release|x86.Build.0 = Release|Any CPU
		{1B4087F5-BF31-4610-9529-285A01FADC1F}.Debug|Any CPU.ActiveCfg = Debug|Any CPU
		{1B4087F5-BF31-4610-9529-285A01FADC1F}.Debug|Any CPU.Build.0 = Debug|Any CPU
		{1B4087F5-BF31-4610-9529-285A01FADC1F}.Debug|x64.ActiveCfg = Debug|Any CPU
		{1B4087F5-BF31-4610-9529-285A01FADC1F}.Debug|x64.Build.0 = Debug|Any CPU
		{1B4087F5-BF31-4610-9529-285A01FADC1F}.Debug|x86.ActiveCfg = Debug|Any CPU
		{1B4087F5-BF31-4610-9529-285A01FADC1F}.Debug|x86.Build.0 = Debug|Any CPU
		{1B4087F5-BF31-4610-9529-285A01FADC1F}.Release|Any CPU.ActiveCfg = Release|Any CPU
		{1B4087F5-BF31-4610-9529-285A01FADC1F}.Release|Any CPU.Build.0 = Release|Any CPU
		{1B4087F5-BF31-4610-9529-285A01FADC1F}.Release|x64.ActiveCfg = Release|Any CPU
		{1B4087F5-BF31-4610-9529-285A01FADC1F}.Release|x64.Build.0 = Release|Any CPU
		{1B4087F5-BF31-4610-9529-285A01FADC1F}.Release|x86.ActiveCfg = Release|Any CPU
		{1B4087F5-BF31-4610-9529-285A01FADC1F}.Release|x86.Build.0 = Release|Any CPU
		{67B3EE92-6E6B-41F2-959B-C584CFCAFC5E}.Debug|Any CPU.ActiveCfg = Debug|Any CPU
		{67B3EE92-6E6B-41F2-959B-C584CFCAFC5E}.Debug|Any CPU.Build.0 = Debug|Any CPU
		{67B3EE92-6E6B-41F2-959B-C584CFCAFC5E}.Debug|x64.ActiveCfg = Debug|Any CPU
		{67B3EE92-6E6B-41F2-959B-C584CFCAFC5E}.Debug|x64.Build.0 = Debug|Any CPU
		{67B3EE92-6E6B-41F2-959B-C584CFCAFC5E}.Debug|x86.ActiveCfg = Debug|Any CPU
		{67B3EE92-6E6B-41F2-959B-C584CFCAFC5E}.Debug|x86.Build.0 = Debug|Any CPU
		{67B3EE92-6E6B-41F2-959B-C584CFCAFC5E}.Release|Any CPU.ActiveCfg = Release|Any CPU
		{67B3EE92-6E6B-41F2-959B-C584CFCAFC5E}.Release|Any CPU.Build.0 = Release|Any CPU
		{67B3EE92-6E6B-41F2-959B-C584CFCAFC5E}.Release|x64.ActiveCfg = Release|Any CPU
		{67B3EE92-6E6B-41F2-959B-C584CFCAFC5E}.Release|x64.Build.0 = Release|Any CPU
		{67B3EE92-6E6B-41F2-959B-C584CFCAFC5E}.Release|x86.ActiveCfg = Release|Any CPU
		{67B3EE92-6E6B-41F2-959B-C584CFCAFC5E}.Release|x86.Build.0 = Release|Any CPU
		{161FB33C-0620-4839-9058-ED45A11CF55C}.Debug|Any CPU.ActiveCfg = Debug|Any CPU
		{161FB33C-0620-4839-9058-ED45A11CF55C}.Debug|Any CPU.Build.0 = Debug|Any CPU
		{161FB33C-0620-4839-9058-ED45A11CF55C}.Debug|x64.ActiveCfg = Debug|Any CPU
		{161FB33C-0620-4839-9058-ED45A11CF55C}.Debug|x64.Build.0 = Debug|Any CPU
		{161FB33C-0620-4839-9058-ED45A11CF55C}.Debug|x86.ActiveCfg = Debug|Any CPU
		{161FB33C-0620-4839-9058-ED45A11CF55C}.Debug|x86.Build.0 = Debug|Any CPU
		{161FB33C-0620-4839-9058-ED45A11CF55C}.Release|Any CPU.ActiveCfg = Release|Any CPU
		{161FB33C-0620-4839-9058-ED45A11CF55C}.Release|Any CPU.Build.0 = Release|Any CPU
		{161FB33C-0620-4839-9058-ED45A11CF55C}.Release|x64.ActiveCfg = Release|Any CPU
		{161FB33C-0620-4839-9058-ED45A11CF55C}.Release|x64.Build.0 = Release|Any CPU
		{161FB33C-0620-4839-9058-ED45A11CF55C}.Release|x86.ActiveCfg = Release|Any CPU
		{161FB33C-0620-4839-9058-ED45A11CF55C}.Release|x86.Build.0 = Release|Any CPU
		{D6175D36-E5F2-462E-9659-391A97128320}.Debug|Any CPU.ActiveCfg = Debug|Any CPU
		{D6175D36-E5F2-462E-9659-391A97128320}.Debug|Any CPU.Build.0 = Debug|Any CPU
		{D6175D36-E5F2-462E-9659-391A97128320}.Debug|x64.ActiveCfg = Debug|Any CPU
		{D6175D36-E5F2-462E-9659-391A97128320}.Debug|x64.Build.0 = Debug|Any CPU
		{D6175D36-E5F2-462E-9659-391A97128320}.Debug|x86.ActiveCfg = Debug|Any CPU
		{D6175D36-E5F2-462E-9659-391A97128320}.Debug|x86.Build.0 = Debug|Any CPU
		{D6175D36-E5F2-462E-9659-391A97128320}.Release|Any CPU.ActiveCfg = Release|Any CPU
		{D6175D36-E5F2-462E-9659-391A97128320}.Release|Any CPU.Build.0 = Release|Any CPU
		{D6175D36-E5F2-462E-9659-391A97128320}.Release|x64.ActiveCfg = Release|Any CPU
		{D6175D36-E5F2-462E-9659-391A97128320}.Release|x64.Build.0 = Release|Any CPU
		{D6175D36-E5F2-462E-9659-391A97128320}.Release|x86.ActiveCfg = Release|Any CPU
		{D6175D36-E5F2-462E-9659-391A97128320}.Release|x86.Build.0 = Release|Any CPU
	EndGlobalSection
	GlobalSection(NestedProjects) = preSolution
		{155BFC68-4058-45DF-A5BA-10BE22A6677D} = {1A843BDD-8B6E-4E77-8F1C-3B36CB9635F3}
		{69A74D8C-8338-41A0-8C42-44276CBCBD50} = {77593883-C658-4F27-A068-76AC4CA3C9ED}
		{3E505DE3-FE94-4FDE-9BC8-3637A42BE241} = {1A843BDD-8B6E-4E77-8F1C-3B36CB9635F3}
		{616FDAAE-0EC1-4C6D-A35C-4A383241BDB0} = {77593883-C658-4F27-A068-76AC4CA3C9ED}
		{1B4087F5-BF31-4610-9529-285A01FADC1F} = {1A843BDD-8B6E-4E77-8F1C-3B36CB9635F3}
		{67B3EE92-6E6B-41F2-959B-C584CFCAFC5E} = {77593883-C658-4F27-A068-76AC4CA3C9ED}
		{161FB33C-0620-4839-9058-ED45A11CF55C} = {1A843BDD-8B6E-4E77-8F1C-3B36CB9635F3}
		{D6175D36-E5F2-462E-9659-391A97128320} = {77593883-C658-4F27-A068-76AC4CA3C9ED}
	EndGlobalSection
EndGlobal
